
Microsoft Visual Studio Solution File, Format Version 12.00
# Visual Studio Version 17
VisualStudioVersion = 17.13.35931.197 d17.13
MinimumVisualStudioVersion = 10.0.40219.1
Project("{FAE04EC0-301F-11D3-BF4B-00C04F79EFBC}") = "Intermediary", "Intermediary\Intermediary.csproj", "{2AF07BCF-9CFC-4391-B87A-BB8D76069893}"
EndProject
Global
	GlobalSection(SolutionConfigurationPlatforms) = preSolution
		Debug|Any CPU = Debug|Any CPU
		Release|Any CPU = Release|Any CPU
	EndGlobalSection
	GlobalSection(ProjectConfigurationPlatforms) = postSolution
		{2AF07BCF-9CFC-4391-B87A-BB8D76069893}.Debug|Any CPU.ActiveCfg = Debug|Any CPU
		{2AF07BCF-9CFC-4391-B87A-BB8D76069893}.Debug|Any CPU.Build.0 = Debug|Any CPU
		{2AF07BCF-9CFC-4391-B87A-BB8D76069893}.Release|Any CPU.ActiveCfg = Release|Any CPU
		{2AF07BCF-9CFC-4391-B87A-BB8D76069893}.Release|Any CPU.Build.0 = Release|Any CPU
	EndGlobalSection
	GlobalSection(SolutionProperties) = preSolution
		HideSolutionNode = FALSE
	EndGlobalSection
	GlobalSection(ExtensibilityGlobals) = postSolution
		SolutionGuid = {FA80F8EA-5888-4FFC-B700-B8F183D2BDE3}
	EndGlobalSection
EndGlobal
